##
# SYNNOPSIS
#       pg_lock_*
#
# DESCRIPTION
#       PostgreSQL lock distribution by mode and database
#
# OPTIONS
#       Tags       [cluster]
#       TTL        10
#       Priority   0
#       Timeout    100ms
#       Fatal      false
#       Version    90400 ~ higher
#       Source     450-pg_lock.yml
#
# METRICS
#       datname (LABEL)
#           Name of the database this backend is connected to
#       mode (LABEL)
#           Name of the lock mode held or desired by this process
#       count (GAUGE)
#           Number of locks of corresponding mode and database
#
pg_lock:
    name: pg_lock
    desc: PostgreSQL lock distribution by mode and database
    query: |
        SELECT datname, mode, coalesce(count, 0) AS count
          FROM (SELECT d.oid AS database, d.datname, l.mode FROM pg_database d, unnest(ARRAY ['AccessShareLock','RowShareLock','RowExclusiveLock','ShareUpdateExclusiveLock', 'ShareLock','ShareRowExclusiveLock','ExclusiveLock','AccessExclusiveLock']) l(mode) WHERE d.datallowconn AND NOT d.datistemplate) base
          LEFT JOIN (SELECT database, mode, count(*) AS count FROM pg_locks WHERE database IS NOT NULL GROUP BY 1, 2) cnt USING (database, mode);
    tags:
        - cluster
    ttl: 10
    timeout: 0.1
    min_version: 90400
    max_version: 0
    fatal: false
    skip: false
    metrics:
        - datname:
            name: datname
            usage: LABEL
            description: Name of the database this backend is connected to
        - mode:
            name: mode
            usage: LABEL
            description: Name of the lock mode held or desired by this process
        - count:
            name: count
            usage: GAUGE
            description: Number of locks of corresponding mode and database


