#-------------------------------------------------------------#
# pg_lock
#-------------------------------------------------------------#

pg_lock:
  query: |
    SELECT datname, mode, coalesce(count, 0) AS count
    FROM (SELECT d.oid AS database, d.datname, l.mode FROM pg_database d,
               unnest(ARRAY ['AccessShareLock','RowShareLock','RowExclusiveLock','ShareUpdateExclusiveLock',
                   'ShareLock','ShareRowExclusiveLock','ExclusiveLock','AccessExclusiveLock']) l(mode)
          WHERE d.datname NOT IN ('postgres','template0','template1')) base
             LEFT JOIN (SELECT database, mode, count(*) AS count FROM pg_locks
             WHERE database IS NOT NULL GROUP BY database, mode) cnt USING (database, mode);

  ttl: 10
  tags: [cluster]
  min_version: 100000
  max_version: 130000

  metrics:
    - datname:
        usage: LABEL
        description: Name of the database
    - mode:
        usage: LABEL
        description: Type of lock
    - count:
        usage: COUNTER
        description: Number of locks of corresponding mode

